<?xml version="1.0" encoding="utf-8"?>
<Project ToolsVersion="17.0" xmlns="http://schemas.microsoft.com/developer/msbuild/2003">
  <ItemGroup>
    <ClCompile Include="C:\GameMathSource\gamemath-4-3\gamemath-4-3\Source\Runtime\Renderer\Precompiled.cpp" />
    <ClCompile Include="C:\GameMathSource\gamemath-4-3\gamemath-4-3\Source\Runtime\Renderer\Private\2D\Shader.cpp">
      <Filter>Private\2D</Filter>
    </ClCompile>
    <ClCompile Include="C:\GameMathSource\gamemath-4-3\gamemath-4-3\Source\Runtime\Renderer\Private\2D\Vertex.cpp">
      <Filter>Private\2D</Filter>
    </ClCompile>
    <ClCompile Include="C:\GameMathSource\gamemath-4-3\gamemath-4-3\Source\Runtime\Renderer\Private\3D\PerspectiveTest.cpp">
      <Filter>Private\3D</Filter>
    </ClCompile>
    <ClCompile Include="C:\GameMathSource\gamemath-4-3\gamemath-4-3\Source\Runtime\Renderer\Private\3D\Shader.cpp">
      <Filter>Private\3D</Filter>
    </ClCompile>
    <ClCompile Include="C:\GameMathSource\gamemath-4-3\gamemath-4-3\Source\Runtime\Renderer\Private\3D\Vertex.cpp">
      <Filter>Private\3D</Filter>
    </ClCompile>
    <ClCompile Include="C:\GameMathSource\gamemath-4-3\gamemath-4-3\Source\Runtime\Renderer\Private\Windows\WindowsGDI.cpp">
      <Filter>Private\Windows</Filter>
    </ClCompile>
    <ClCompile Include="C:\GameMathSource\gamemath-4-3\gamemath-4-3\Source\Runtime\Renderer\Private\Windows\WindowsRSI.cpp">
      <Filter>Private\Windows</Filter>
    </ClCompile>
  </ItemGroup>
  <ItemGroup>
    <ClInclude Include="C:\GameMathSource\gamemath-4-3\gamemath-4-3\Source\Runtime\Renderer\Precompiled.h" />
    <ClInclude Include="C:\GameMathSource\gamemath-4-3\gamemath-4-3\Source\Runtime\Renderer\Public\2D\Shader.h">
      <Filter>Public\2D</Filter>
    </ClInclude>
    <ClInclude Include="C:\GameMathSource\gamemath-4-3\gamemath-4-3\Source\Runtime\Renderer\Public\2D\Vertex.h">
      <Filter>Public\2D</Filter>
    </ClInclude>
    <ClInclude Include="C:\GameMathSource\gamemath-4-3\gamemath-4-3\Source\Runtime\Renderer\Public\3D\PerspectiveTest.h">
      <Filter>Public\3D</Filter>
    </ClInclude>
    <ClInclude Include="C:\GameMathSource\gamemath-4-3\gamemath-4-3\Source\Runtime\Renderer\Public\3D\Shader.h">
      <Filter>Public\3D</Filter>
    </ClInclude>
    <ClInclude Include="C:\GameMathSource\gamemath-4-3\gamemath-4-3\Source\Runtime\Renderer\Public\3D\Vertex.h">
      <Filter>Public\3D</Filter>
    </ClInclude>
    <ClInclude Include="C:\GameMathSource\gamemath-4-3\gamemath-4-3\Source\Runtime\Renderer\Public\RendererHeaders.h">
      <Filter>Public</Filter>
    </ClInclude>
    <ClInclude Include="C:\GameMathSource\gamemath-4-3\gamemath-4-3\Source\Runtime\Renderer\Public\RendererInterface.h">
      <Filter>Public</Filter>
    </ClInclude>
    <ClInclude Include="C:\GameMathSource\gamemath-4-3\gamemath-4-3\Source\Runtime\Renderer\Public\Windows\WindowsGDI.h">
      <Filter>Public\Windows</Filter>
    </ClInclude>
    <ClInclude Include="C:\GameMathSource\gamemath-4-3\gamemath-4-3\Source\Runtime\Renderer\Public\Windows\WindowsRSI.h">
      <Filter>Public\Windows</Filter>
    </ClInclude>
  </ItemGroup>
  <ItemGroup>
    <Filter Include="Private">
      <UniqueIdentifier>{C8223048-949D-3DDD-A3F8-F1AF10E5882C}</UniqueIdentifier>
    </Filter>
    <Filter Include="Private\2D">
      <UniqueIdentifier>{1EB0DEA0-B35E-3B1D-99AD-61CFC4BD1FBF}</UniqueIdentifier>
    </Filter>
    <Filter Include="Private\3D">
      <UniqueIdentifier>{494BC3E3-30A0-349A-B7E4-6270DF64455D}</UniqueIdentifier>
    </Filter>
    <Filter Include="Private\Windows">
      <UniqueIdentifier>{C6067B89-CDEE-350F-A180-2AC404059D26}</UniqueIdentifier>
    </Filter>
    <Filter Include="Public">
      <UniqueIdentifier>{C7BE431A-96F2-3BCB-A248-D3AF63B01D9C}</UniqueIdentifier>
    </Filter>
    <Filter Include="Public\2D">
      <UniqueIdentifier>{DF5FC0C7-9568-36AF-97EC-3D4F8890A283}</UniqueIdentifier>
    </Filter>
    <Filter Include="Public\3D">
      <UniqueIdentifier>{1CF3E09D-20AA-30CD-8E87-F035D63E5A03}</UniqueIdentifier>
    </Filter>
    <Filter Include="Public\Windows">
      <UniqueIdentifier>{B25DE300-45F2-3E7B-AE3B-65382F83C822}</UniqueIdentifier>
    </Filter>
  </ItemGroup>
</Project>
