<?xml version="1.0" encoding="utf-8"?>
<Project ToolsVersion="17.0" xmlns="http://schemas.microsoft.com/developer/msbuild/2003">
  <ItemGroup>
    <ClCompile Include="D:\GitRepo\GameMath_Repo\GameMathRepo\gamemath-5-2\gamemath-5-2\Source\Runtime\Engine\Precompiled.cpp" />
    <ClCompile Include="D:\GitRepo\GameMath_Repo\GameMathRepo\gamemath-5-2\gamemath-5-2\Source\Runtime\Engine\Private\2D\CameraObject.cpp">
      <Filter>Private\2D</Filter>
    </ClCompile>
    <ClCompile Include="D:\GitRepo\GameMath_Repo\GameMathRepo\gamemath-5-2\gamemath-5-2\Source\Runtime\Engine\Private\2D\GameEngine.cpp">
      <Filter>Private\2D</Filter>
    </ClCompile>
    <ClCompile Include="D:\GitRepo\GameMath_Repo\GameMathRepo\gamemath-5-2\gamemath-5-2\Source\Runtime\Engine\Private\2D\GameObject.cpp">
      <Filter>Private\2D</Filter>
    </ClCompile>
    <ClCompile Include="D:\GitRepo\GameMath_Repo\GameMathRepo\gamemath-5-2\gamemath-5-2\Source\Runtime\Engine\Private\2D\Mesh.cpp">
      <Filter>Private\2D</Filter>
    </ClCompile>
    <ClCompile Include="D:\GitRepo\GameMath_Repo\GameMathRepo\gamemath-5-2\gamemath-5-2\Source\Runtime\Engine\Private\2D\TransformComponent.cpp">
      <Filter>Private\2D</Filter>
    </ClCompile>
    <ClCompile Include="D:\GitRepo\GameMath_Repo\GameMathRepo\gamemath-5-2\gamemath-5-2\Source\Runtime\Engine\Private\3D\Bone.cpp">
      <Filter>Private\3D</Filter>
    </ClCompile>
    <ClCompile Include="D:\GitRepo\GameMath_Repo\GameMathRepo\gamemath-5-2\gamemath-5-2\Source\Runtime\Engine\Private\3D\CameraObject.cpp">
      <Filter>Private\3D</Filter>
    </ClCompile>
    <ClCompile Include="D:\GitRepo\GameMath_Repo\GameMathRepo\gamemath-5-2\gamemath-5-2\Source\Runtime\Engine\Private\3D\GameEngine.cpp">
      <Filter>Private\3D</Filter>
    </ClCompile>
    <ClCompile Include="D:\GitRepo\GameMath_Repo\GameMathRepo\gamemath-5-2\gamemath-5-2\Source\Runtime\Engine\Private\3D\GameObject.cpp">
      <Filter>Private\3D</Filter>
    </ClCompile>
    <ClCompile Include="D:\GitRepo\GameMath_Repo\GameMathRepo\gamemath-5-2\gamemath-5-2\Source\Runtime\Engine\Private\3D\Mesh.cpp">
      <Filter>Private\3D</Filter>
    </ClCompile>
    <ClCompile Include="D:\GitRepo\GameMath_Repo\GameMathRepo\gamemath-5-2\gamemath-5-2\Source\Runtime\Engine\Private\3D\TransformComponent.cpp">
      <Filter>Private\3D</Filter>
    </ClCompile>
    <ClCompile Include="D:\GitRepo\GameMath_Repo\GameMathRepo\gamemath-5-2\gamemath-5-2\Source\Runtime\Engine\Private\InputManager.cpp">
      <Filter>Private</Filter>
    </ClCompile>
    <ClCompile Include="D:\GitRepo\GameMath_Repo\GameMathRepo\gamemath-5-2\gamemath-5-2\Source\Runtime\Engine\Private\Texture.cpp">
      <Filter>Private</Filter>
    </ClCompile>
  </ItemGroup>
  <ItemGroup>
    <ClInclude Include="D:\GitRepo\GameMath_Repo\GameMathRepo\gamemath-5-2\gamemath-5-2\Source\Runtime\Engine\Precompiled.h" />
    <ClInclude Include="D:\GitRepo\GameMath_Repo\GameMathRepo\gamemath-5-2\gamemath-5-2\Source\Runtime\Engine\Public\2D\CameraObject.h">
      <Filter>Public\2D</Filter>
    </ClInclude>
    <ClInclude Include="D:\GitRepo\GameMath_Repo\GameMathRepo\gamemath-5-2\gamemath-5-2\Source\Runtime\Engine\Public\2D\GameEngine.h">
      <Filter>Public\2D</Filter>
    </ClInclude>
    <ClInclude Include="D:\GitRepo\GameMath_Repo\GameMathRepo\gamemath-5-2\gamemath-5-2\Source\Runtime\Engine\Public\2D\GameObject.h">
      <Filter>Public\2D</Filter>
    </ClInclude>
    <ClInclude Include="D:\GitRepo\GameMath_Repo\GameMathRepo\gamemath-5-2\gamemath-5-2\Source\Runtime\Engine\Public\2D\Mesh.h">
      <Filter>Public\2D</Filter>
    </ClInclude>
    <ClInclude Include="D:\GitRepo\GameMath_Repo\GameMathRepo\gamemath-5-2\gamemath-5-2\Source\Runtime\Engine\Public\2D\TransformComponent.h">
      <Filter>Public\2D</Filter>
    </ClInclude>
    <ClInclude Include="D:\GitRepo\GameMath_Repo\GameMathRepo\gamemath-5-2\gamemath-5-2\Source\Runtime\Engine\Public\3D\Bone.h">
      <Filter>Public\3D</Filter>
    </ClInclude>
    <ClInclude Include="D:\GitRepo\GameMath_Repo\GameMathRepo\gamemath-5-2\gamemath-5-2\Source\Runtime\Engine\Public\3D\CameraObject.h">
      <Filter>Public\3D</Filter>
    </ClInclude>
    <ClInclude Include="D:\GitRepo\GameMath_Repo\GameMathRepo\gamemath-5-2\gamemath-5-2\Source\Runtime\Engine\Public\3D\GameEngine.h">
      <Filter>Public\3D</Filter>
    </ClInclude>
    <ClInclude Include="D:\GitRepo\GameMath_Repo\GameMathRepo\gamemath-5-2\gamemath-5-2\Source\Runtime\Engine\Public\3D\GameObject.h">
      <Filter>Public\3D</Filter>
    </ClInclude>
    <ClInclude Include="D:\GitRepo\GameMath_Repo\GameMathRepo\gamemath-5-2\gamemath-5-2\Source\Runtime\Engine\Public\3D\Mesh.h">
      <Filter>Public\3D</Filter>
    </ClInclude>
    <ClInclude Include="D:\GitRepo\GameMath_Repo\GameMathRepo\gamemath-5-2\gamemath-5-2\Source\Runtime\Engine\Public\3D\Resources.h">
      <Filter>Public\3D</Filter>
    </ClInclude>
    <ClInclude Include="D:\GitRepo\GameMath_Repo\GameMathRepo\gamemath-5-2\gamemath-5-2\Source\Runtime\Engine\Public\3D\TransformComponent.h">
      <Filter>Public\3D</Filter>
    </ClInclude>
    <ClInclude Include="D:\GitRepo\GameMath_Repo\GameMathRepo\gamemath-5-2\gamemath-5-2\Source\Runtime\Engine\Public\EngineHeaders.h">
      <Filter>Public</Filter>
    </ClInclude>
    <ClInclude Include="D:\GitRepo\GameMath_Repo\GameMathRepo\gamemath-5-2\gamemath-5-2\Source\Runtime\Engine\Public\EngineInterface.h">
      <Filter>Public</Filter>
    </ClInclude>
    <ClInclude Include="D:\GitRepo\GameMath_Repo\GameMathRepo\gamemath-5-2\gamemath-5-2\Source\Runtime\Engine\Public\InputManager.h">
      <Filter>Public</Filter>
    </ClInclude>
    <ClInclude Include="D:\GitRepo\GameMath_Repo\GameMathRepo\gamemath-5-2\gamemath-5-2\Source\Runtime\Engine\Public\Texture.h">
      <Filter>Public</Filter>
    </ClInclude>
    <ClInclude Include="D:\GitRepo\GameMath_Repo\GameMathRepo\gamemath-5-2\gamemath-5-2\Source\Runtime\Engine\ThirdParty\Stb\stb.h">
      <Filter>ThirdParty\Stb</Filter>
    </ClInclude>
    <ClInclude Include="D:\GitRepo\GameMath_Repo\GameMathRepo\gamemath-5-2\gamemath-5-2\Source\Runtime\Engine\ThirdParty\Stb\stb_c_lexer.h">
      <Filter>ThirdParty\Stb</Filter>
    </ClInclude>
    <ClInclude Include="D:\GitRepo\GameMath_Repo\GameMathRepo\gamemath-5-2\gamemath-5-2\Source\Runtime\Engine\ThirdParty\Stb\stb_connected_components.h">
      <Filter>ThirdParty\Stb</Filter>
    </ClInclude>
    <ClInclude Include="D:\GitRepo\GameMath_Repo\GameMathRepo\gamemath-5-2\gamemath-5-2\Source\Runtime\Engine\ThirdParty\Stb\stb_divide.h">
      <Filter>ThirdParty\Stb</Filter>
    </ClInclude>
    <ClInclude Include="D:\GitRepo\GameMath_Repo\GameMathRepo\gamemath-5-2\gamemath-5-2\Source\Runtime\Engine\ThirdParty\Stb\stb_ds.h">
      <Filter>ThirdParty\Stb</Filter>
    </ClInclude>
    <ClInclude Include="D:\GitRepo\GameMath_Repo\GameMathRepo\gamemath-5-2\gamemath-5-2\Source\Runtime\Engine\ThirdParty\Stb\stb_dxt.h">
      <Filter>ThirdParty\Stb</Filter>
    </ClInclude>
    <ClInclude Include="D:\GitRepo\GameMath_Repo\GameMathRepo\gamemath-5-2\gamemath-5-2\Source\Runtime\Engine\ThirdParty\Stb\stb_easy_font.h">
      <Filter>ThirdParty\Stb</Filter>
    </ClInclude>
    <ClInclude Include="D:\GitRepo\GameMath_Repo\GameMathRepo\gamemath-5-2\gamemath-5-2\Source\Runtime\Engine\ThirdParty\Stb\stb_herringbone_wang_tile.h">
      <Filter>ThirdParty\Stb</Filter>
    </ClInclude>
    <ClInclude Include="D:\GitRepo\GameMath_Repo\GameMathRepo\gamemath-5-2\gamemath-5-2\Source\Runtime\Engine\ThirdParty\Stb\stb_image.h">
      <Filter>ThirdParty\Stb</Filter>
    </ClInclude>
    <ClInclude Include="D:\GitRepo\GameMath_Repo\GameMathRepo\gamemath-5-2\gamemath-5-2\Source\Runtime\Engine\ThirdParty\Stb\stb_image_resize.h">
      <Filter>ThirdParty\Stb</Filter>
    </ClInclude>
    <ClInclude Include="D:\GitRepo\GameMath_Repo\GameMathRepo\gamemath-5-2\gamemath-5-2\Source\Runtime\Engine\ThirdParty\Stb\stb_image_write.h">
      <Filter>ThirdParty\Stb</Filter>
    </ClInclude>
    <ClInclude Include="D:\GitRepo\GameMath_Repo\GameMathRepo\gamemath-5-2\gamemath-5-2\Source\Runtime\Engine\ThirdParty\Stb\stb_include.h">
      <Filter>ThirdParty\Stb</Filter>
    </ClInclude>
    <ClInclude Include="D:\GitRepo\GameMath_Repo\GameMathRepo\gamemath-5-2\gamemath-5-2\Source\Runtime\Engine\ThirdParty\Stb\stb_leakcheck.h">
      <Filter>ThirdParty\Stb</Filter>
    </ClInclude>
    <ClInclude Include="D:\GitRepo\GameMath_Repo\GameMathRepo\gamemath-5-2\gamemath-5-2\Source\Runtime\Engine\ThirdParty\Stb\stb_perlin.h">
      <Filter>ThirdParty\Stb</Filter>
    </ClInclude>
    <ClInclude Include="D:\GitRepo\GameMath_Repo\GameMathRepo\gamemath-5-2\gamemath-5-2\Source\Runtime\Engine\ThirdParty\Stb\stb_rect_pack.h">
      <Filter>ThirdParty\Stb</Filter>
    </ClInclude>
    <ClInclude Include="D:\GitRepo\GameMath_Repo\GameMathRepo\gamemath-5-2\gamemath-5-2\Source\Runtime\Engine\ThirdParty\Stb\stb_sprintf.h">
      <Filter>ThirdParty\Stb</Filter>
    </ClInclude>
    <ClInclude Include="D:\GitRepo\GameMath_Repo\GameMathRepo\gamemath-5-2\gamemath-5-2\Source\Runtime\Engine\ThirdParty\Stb\stb_textedit.h">
      <Filter>ThirdParty\Stb</Filter>
    </ClInclude>
    <ClInclude Include="D:\GitRepo\GameMath_Repo\GameMathRepo\gamemath-5-2\gamemath-5-2\Source\Runtime\Engine\ThirdParty\Stb\stb_tilemap_editor.h">
      <Filter>ThirdParty\Stb</Filter>
    </ClInclude>
    <ClInclude Include="D:\GitRepo\GameMath_Repo\GameMathRepo\gamemath-5-2\gamemath-5-2\Source\Runtime\Engine\ThirdParty\Stb\stb_truetype.h">
      <Filter>ThirdParty\Stb</Filter>
    </ClInclude>
    <ClInclude Include="D:\GitRepo\GameMath_Repo\GameMathRepo\gamemath-5-2\gamemath-5-2\Source\Runtime\Engine\ThirdParty\Stb\stb_voxel_render.h">
      <Filter>ThirdParty\Stb</Filter>
    </ClInclude>
    <ClInclude Include="D:\GitRepo\GameMath_Repo\GameMathRepo\gamemath-5-2\gamemath-5-2\Source\Runtime\Engine\ThirdParty\Stb\stretchy_buffer.h">
      <Filter>ThirdParty\Stb</Filter>
    </ClInclude>
  </ItemGroup>
  <ItemGroup>
    <Filter Include="Private">
      <UniqueIdentifier>{05F2AA0F-F218-3D73-9DD6-5A05A596F4C0}</UniqueIdentifier>
    </Filter>
    <Filter Include="Private\2D">
      <UniqueIdentifier>{42ACE188-4668-3406-8BD4-45468F3123DB}</UniqueIdentifier>
    </Filter>
    <Filter Include="Private\3D">
      <UniqueIdentifier>{BBD63D3D-9116-3B10-9AD2-497D13078FA7}</UniqueIdentifier>
    </Filter>
    <Filter Include="Public">
      <UniqueIdentifier>{17A223ED-6E5F-37D3-AAE0-ECF55E47F70B}</UniqueIdentifier>
    </Filter>
    <Filter Include="Public\2D">
      <UniqueIdentifier>{618A38EF-026C-39C9-9BB0-B6094C85FCEE}</UniqueIdentifier>
    </Filter>
    <Filter Include="Public\3D">
      <UniqueIdentifier>{033C6591-D319-331F-BA6B-0123055B624E}</UniqueIdentifier>
    </Filter>
    <Filter Include="ThirdParty">
      <UniqueIdentifier>{0E61691C-F624-313D-9436-0A223E1F99F8}</UniqueIdentifier>
    </Filter>
    <Filter Include="ThirdParty\Stb">
      <UniqueIdentifier>{23F17458-7D28-3E5F-B3CF-94137B1150C3}</UniqueIdentifier>
    </Filter>
  </ItemGroup>
</Project>
