
Microsoft Visual Studio Solution File, Format Version 12.00
# Visual Studio Version 17
Project("{8BC9CEB8-8B4A-11D0-8D11-00A0C91BC942}") = "ALL_BUILD", "ALL_BUILD.vcxproj", "{A8D6EA28-FDB3-366B-8B20-3CD51709AE34}"
	ProjectSection(ProjectDependencies) = postProject
		{0A393FAE-DCA6-3A28-BD70-C59CAD942730} = {0A393FAE-DCA6-3A28-BD70-C59CAD942730}
	EndProjectSection
EndProject
Project("{8BC9CEB8-8B4A-11D0-8D11-00A0C91BC942}") = "EngineModule", "EngineModule.vcxproj", "{0A393FAE-DCA6-3A28-BD70-C59CAD942730}"
	ProjectSection(ProjectDependencies) = postProject
		{D9AEEFE9-62F3-3837-8003-D99786C84C72} = {D9AEEFE9-62F3-3837-8003-D99786C84C72}
		{1DFC6523-F1F6-38C1-BDE4-041EEC70C9EA} = {1DFC6523-F1F6-38C1-BDE4-041EEC70C9EA}
	EndProjectSection
EndProject
Project("{8BC9CEB8-8B4A-11D0-8D11-00A0C91BC942}") = "MathModule", "..\Math\MathModule.vcxproj", "{D9AEEFE9-62F3-3837-8003-D99786C84C72}"
	ProjectSection(ProjectDependencies) = postProject
	EndProjectSection
EndProject
Project("{8BC9CEB8-8B4A-11D0-8D11-00A0C91BC942}") = "RendererModule", "..\Renderer\RendererModule.vcxproj", "{1DFC6523-F1F6-38C1-BDE4-041EEC70C9EA}"
	ProjectSection(ProjectDependencies) = postProject
		{D9AEEFE9-62F3-3837-8003-D99786C84C72} = {D9AEEFE9-62F3-3837-8003-D99786C84C72}
	EndProjectSection
EndProject
Global
	GlobalSection(SolutionConfigurationPlatforms) = preSolution
		Debug|x64 = Debug|x64
		Release|x64 = Release|x64
		MinSizeRel|x64 = MinSizeRel|x64
		RelWithDebInfo|x64 = RelWithDebInfo|x64
	EndGlobalSection
	GlobalSection(ProjectConfigurationPlatforms) = postSolution
		{A8D6EA28-FDB3-366B-8B20-3CD51709AE34}.Debug|x64.ActiveCfg = Debug|x64
		{A8D6EA28-FDB3-366B-8B20-3CD51709AE34}.Release|x64.ActiveCfg = Release|x64
		{A8D6EA28-FDB3-366B-8B20-3CD51709AE34}.MinSizeRel|x64.ActiveCfg = MinSizeRel|x64
		{A8D6EA28-FDB3-366B-8B20-3CD51709AE34}.RelWithDebInfo|x64.ActiveCfg = RelWithDebInfo|x64
		{0A393FAE-DCA6-3A28-BD70-C59CAD942730}.Debug|x64.ActiveCfg = Debug|x64
		{0A393FAE-DCA6-3A28-BD70-C59CAD942730}.Debug|x64.Build.0 = Debug|x64
		{0A393FAE-DCA6-3A28-BD70-C59CAD942730}.Release|x64.ActiveCfg = Release|x64
		{0A393FAE-DCA6-3A28-BD70-C59CAD942730}.Release|x64.Build.0 = Release|x64
		{0A393FAE-DCA6-3A28-BD70-C59CAD942730}.MinSizeRel|x64.ActiveCfg = MinSizeRel|x64
		{0A393FAE-DCA6-3A28-BD70-C59CAD942730}.MinSizeRel|x64.Build.0 = MinSizeRel|x64
		{0A393FAE-DCA6-3A28-BD70-C59CAD942730}.RelWithDebInfo|x64.ActiveCfg = RelWithDebInfo|x64
		{0A393FAE-DCA6-3A28-BD70-C59CAD942730}.RelWithDebInfo|x64.Build.0 = RelWithDebInfo|x64
		{D9AEEFE9-62F3-3837-8003-D99786C84C72}.Debug|x64.ActiveCfg = Debug|x64
		{D9AEEFE9-62F3-3837-8003-D99786C84C72}.Debug|x64.Build.0 = Debug|x64
		{D9AEEFE9-62F3-3837-8003-D99786C84C72}.Release|x64.ActiveCfg = Release|x64
		{D9AEEFE9-62F3-3837-8003-D99786C84C72}.Release|x64.Build.0 = Release|x64
		{D9AEEFE9-62F3-3837-8003-D99786C84C72}.MinSizeRel|x64.ActiveCfg = MinSizeRel|x64
		{D9AEEFE9-62F3-3837-8003-D99786C84C72}.MinSizeRel|x64.Build.0 = MinSizeRel|x64
		{D9AEEFE9-62F3-3837-8003-D99786C84C72}.RelWithDebInfo|x64.ActiveCfg = RelWithDebInfo|x64
		{D9AEEFE9-62F3-3837-8003-D99786C84C72}.RelWithDebInfo|x64.Build.0 = RelWithDebInfo|x64
		{1DFC6523-F1F6-38C1-BDE4-041EEC70C9EA}.Debug|x64.ActiveCfg = Debug|x64
		{1DFC6523-F1F6-38C1-BDE4-041EEC70C9EA}.Debug|x64.Build.0 = Debug|x64
		{1DFC6523-F1F6-38C1-BDE4-041EEC70C9EA}.Release|x64.ActiveCfg = Release|x64
		{1DFC6523-F1F6-38C1-BDE4-041EEC70C9EA}.Release|x64.Build.0 = Release|x64
		{1DFC6523-F1F6-38C1-BDE4-041EEC70C9EA}.MinSizeRel|x64.ActiveCfg = MinSizeRel|x64
		{1DFC6523-F1F6-38C1-BDE4-041EEC70C9EA}.MinSizeRel|x64.Build.0 = MinSizeRel|x64
		{1DFC6523-F1F6-38C1-BDE4-041EEC70C9EA}.RelWithDebInfo|x64.ActiveCfg = RelWithDebInfo|x64
		{1DFC6523-F1F6-38C1-BDE4-041EEC70C9EA}.RelWithDebInfo|x64.Build.0 = RelWithDebInfo|x64
	EndGlobalSection
	GlobalSection(ExtensibilityGlobals) = postSolution
		SolutionGuid = {07E130B1-6E70-3078-9F2D-5DBAE6E3199E}
	EndGlobalSection
	GlobalSection(ExtensibilityAddIns) = postSolution
	EndGlobalSection
EndGlobal
