
Microsoft Visual Studio Solution File, Format Version 12.00
# Visual Studio Version 17
Project("{8BC9CEB8-8B4A-11D0-8D11-00A0C91BC942}") = "ALL_BUILD", "ALL_BUILD.vcxproj", "{A8D6EA28-FDB3-366B-8B20-3CD51709AE34}"
	ProjectSection(ProjectDependencies) = postProject
		{D9AEEFE9-62F3-3837-8003-D99786C84C72} = {D9AEEFE9-62F3-3837-8003-D99786C84C72}
	EndProjectSection
EndProject
Project("{8BC9CEB8-8B4A-11D0-8D11-00A0C91BC942}") = "MathModule", "MathModule.vcxproj", "{D9AEEFE9-62F3-3837-8003-D99786C84C72}"
	ProjectSection(ProjectDependencies) = postProject
	EndProjectSection
EndProject
Global
	GlobalSection(SolutionConfigurationPlatforms) = preSolution
		Debug|x64 = Debug|x64
		Release|x64 = Release|x64
		MinSizeRel|x64 = MinSizeRel|x64
		RelWithDebInfo|x64 = RelWithDebInfo|x64
	EndGlobalSection
	GlobalSection(ProjectConfigurationPlatforms) = postSolution
		{A8D6EA28-FDB3-366B-8B20-3CD51709AE34}.Debug|x64.ActiveCfg = Debug|x64
		{A8D6EA28-FDB3-366B-8B20-3CD51709AE34}.Release|x64.ActiveCfg = Release|x64
		{A8D6EA28-FDB3-366B-8B20-3CD51709AE34}.MinSizeRel|x64.ActiveCfg = MinSizeRel|x64
		{A8D6EA28-FDB3-366B-8B20-3CD51709AE34}.RelWithDebInfo|x64.ActiveCfg = RelWithDebInfo|x64
		{D9AEEFE9-62F3-3837-8003-D99786C84C72}.Debug|x64.ActiveCfg = Debug|x64
		{D9AEEFE9-62F3-3837-8003-D99786C84C72}.Debug|x64.Build.0 = Debug|x64
		{D9AEEFE9-62F3-3837-8003-D99786C84C72}.Release|x64.ActiveCfg = Release|x64
		{D9AEEFE9-62F3-3837-8003-D99786C84C72}.Release|x64.Build.0 = Release|x64
		{D9AEEFE9-62F3-3837-8003-D99786C84C72}.MinSizeRel|x64.ActiveCfg = MinSizeRel|x64
		{D9AEEFE9-62F3-3837-8003-D99786C84C72}.MinSizeRel|x64.Build.0 = MinSizeRel|x64
		{D9AEEFE9-62F3-3837-8003-D99786C84C72}.RelWithDebInfo|x64.ActiveCfg = RelWithDebInfo|x64
		{D9AEEFE9-62F3-3837-8003-D99786C84C72}.RelWithDebInfo|x64.Build.0 = RelWithDebInfo|x64
	EndGlobalSection
	GlobalSection(ExtensibilityGlobals) = postSolution
		SolutionGuid = {B6209F47-F011-3D26-BBBA-F847AD44B336}
	EndGlobalSection
	GlobalSection(ExtensibilityAddIns) = postSolution
	EndGlobalSection
EndGlobal
