<?xml version="1.0" encoding="utf-8"?>
<Project ToolsVersion="17.0" xmlns="http://schemas.microsoft.com/developer/msbuild/2003">
  <ItemGroup>
    <ClCompile Include="C:\GameMathSource\gamemath-4-1\gamemath-4-1\Source\Player\Precompiled.cpp" />
    <ClCompile Include="C:\GameMathSource\gamemath-4-1\gamemath-4-1\Source\Player\Private\SystemInputManager.cpp">
      <Filter>Private</Filter>
    </ClCompile>
    <ClCompile Include="C:\GameMathSource\gamemath-4-1\gamemath-4-1\Source\Player\SoftRenderer.cpp" />
    <ClCompile Include="C:\GameMathSource\gamemath-4-1\gamemath-4-1\Source\Player\SoftRenderer2D.cpp" />
    <ClCompile Include="C:\GameMathSource\gamemath-4-1\gamemath-4-1\Source\Player\SoftRenderer3D.cpp" />
    <ClCompile Include="C:\GameMathSource\gamemath-4-1\gamemath-4-1\Source\Player\Private\Windows\WindowsApp.cpp">
      <Filter>Private\Windows</Filter>
    </ClCompile>
  </ItemGroup>
  <ItemGroup>
    <ClInclude Include="C:\GameMathSource\gamemath-4-1\gamemath-4-1\Source\Player\Precompiled.h" />
    <ClInclude Include="C:\GameMathSource\gamemath-4-1\gamemath-4-1\Source\Player\SoftRenderer.h" />
    <ClInclude Include="C:\GameMathSource\gamemath-4-1\gamemath-4-1\Source\Player\SystemInputManager.h" />
    <ClInclude Include="C:\GameMathSource\gamemath-4-1\gamemath-4-1\Source\Player\Private\Windows\Res\resource.h">
      <Filter>Private\Windows\Res</Filter>
    </ClInclude>
    <ClInclude Include="C:\GameMathSource\gamemath-4-1\gamemath-4-1\Source\Player\Private\Windows\WindowsPlayer.h">
      <Filter>Private\Windows</Filter>
    </ClInclude>
    <ClInclude Include="C:\GameMathSource\gamemath-4-1\gamemath-4-1\Source\Player\Private\Windows\WindowsUtil.h">
      <Filter>Private\Windows</Filter>
    </ClInclude>
  </ItemGroup>
  <ItemGroup>
    <None Include="C:\GameMathSource\gamemath-4-1\gamemath-4-1\Source\Player\Private\Windows\Res\player.ico">
      <Filter>Private\Windows\Res</Filter>
    </None>
    <None Include="C:\GameMathSource\gamemath-4-1\gamemath-4-1\Source\Player\Private\Windows\Res\player_small.ico">
      <Filter>Private\Windows\Res</Filter>
    </None>
  </ItemGroup>
  <ItemGroup>
    <ResourceCompile Include="C:\GameMathSource\gamemath-4-1\gamemath-4-1\Source\Player\Private\Windows\Res\player.rc">
      <Filter>Private\Windows\Res</Filter>
    </ResourceCompile>
  </ItemGroup>
  <ItemGroup>
    <Filter Include="Private">
      <UniqueIdentifier>{38FC133D-EEEE-3212-82D7-A3AFBB759264}</UniqueIdentifier>
    </Filter>
    <Filter Include="Private\Windows">
      <UniqueIdentifier>{CC8392C5-5576-3FEE-A449-30C529E4B6C3}</UniqueIdentifier>
    </Filter>
    <Filter Include="Private\Windows\Res">
      <UniqueIdentifier>{C7F213CB-F3E6-30ED-B2FD-16B0FC53FC2B}</UniqueIdentifier>
    </Filter>
  </ItemGroup>
</Project>
