
Microsoft Visual Studio Solution File, Format Version 12.00
# Visual Studio Version 17
Project("{8BC9CEB8-8B4A-11D0-8D11-00A0C91BC942}") = "ALL_BUILD", "ALL_BUILD.vcxproj", "{ADC26A16-7237-3988-9B2B-5271597281C1}"
	ProjectSection(ProjectDependencies) = postProject
		{CD06DFFD-922B-3747-9028-8DA520CE2110} = {CD06DFFD-922B-3747-9028-8DA520CE2110}
	EndProjectSection
EndProject
Project("{8BC9CEB8-8B4A-11D0-8D11-00A0C91BC942}") = "MathModule", "..\Math\MathModule.vcxproj", "{4396982C-7CD3-3B32-9674-C97AD520B901}"
	ProjectSection(ProjectDependencies) = postProject
	EndProjectSection
EndProject
Project("{8BC9CEB8-8B4A-11D0-8D11-00A0C91BC942}") = "RendererModule", "RendererModule.vcxproj", "{CD06DFFD-922B-3747-9028-8DA520CE2110}"
	ProjectSection(ProjectDependencies) = postProject
		{4396982C-7CD3-3B32-9674-C97AD520B901} = {4396982C-7CD3-3B32-9674-C97AD520B901}
	EndProjectSection
EndProject
Global
	GlobalSection(SolutionConfigurationPlatforms) = preSolution
		Debug|x64 = Debug|x64
		Release|x64 = Release|x64
		MinSizeRel|x64 = MinSizeRel|x64
		RelWithDebInfo|x64 = RelWithDebInfo|x64
	EndGlobalSection
	GlobalSection(ProjectConfigurationPlatforms) = postSolution
		{ADC26A16-7237-3988-9B2B-5271597281C1}.Debug|x64.ActiveCfg = Debug|x64
		{ADC26A16-7237-3988-9B2B-5271597281C1}.Release|x64.ActiveCfg = Release|x64
		{ADC26A16-7237-3988-9B2B-5271597281C1}.MinSizeRel|x64.ActiveCfg = MinSizeRel|x64
		{ADC26A16-7237-3988-9B2B-5271597281C1}.RelWithDebInfo|x64.ActiveCfg = RelWithDebInfo|x64
		{4396982C-7CD3-3B32-9674-C97AD520B901}.Debug|x64.ActiveCfg = Debug|x64
		{4396982C-7CD3-3B32-9674-C97AD520B901}.Debug|x64.Build.0 = Debug|x64
		{4396982C-7CD3-3B32-9674-C97AD520B901}.Release|x64.ActiveCfg = Release|x64
		{4396982C-7CD3-3B32-9674-C97AD520B901}.Release|x64.Build.0 = Release|x64
		{4396982C-7CD3-3B32-9674-C97AD520B901}.MinSizeRel|x64.ActiveCfg = MinSizeRel|x64
		{4396982C-7CD3-3B32-9674-C97AD520B901}.MinSizeRel|x64.Build.0 = MinSizeRel|x64
		{4396982C-7CD3-3B32-9674-C97AD520B901}.RelWithDebInfo|x64.ActiveCfg = RelWithDebInfo|x64
		{4396982C-7CD3-3B32-9674-C97AD520B901}.RelWithDebInfo|x64.Build.0 = RelWithDebInfo|x64
		{CD06DFFD-922B-3747-9028-8DA520CE2110}.Debug|x64.ActiveCfg = Debug|x64
		{CD06DFFD-922B-3747-9028-8DA520CE2110}.Debug|x64.Build.0 = Debug|x64
		{CD06DFFD-922B-3747-9028-8DA520CE2110}.Release|x64.ActiveCfg = Release|x64
		{CD06DFFD-922B-3747-9028-8DA520CE2110}.Release|x64.Build.0 = Release|x64
		{CD06DFFD-922B-3747-9028-8DA520CE2110}.MinSizeRel|x64.ActiveCfg = MinSizeRel|x64
		{CD06DFFD-922B-3747-9028-8DA520CE2110}.MinSizeRel|x64.Build.0 = MinSizeRel|x64
		{CD06DFFD-922B-3747-9028-8DA520CE2110}.RelWithDebInfo|x64.ActiveCfg = RelWithDebInfo|x64
		{CD06DFFD-922B-3747-9028-8DA520CE2110}.RelWithDebInfo|x64.Build.0 = RelWithDebInfo|x64
	EndGlobalSection
	GlobalSection(ExtensibilityGlobals) = postSolution
		SolutionGuid = {0A7A0193-6C7A-315E-90CD-D3A691ABC681}
	EndGlobalSection
	GlobalSection(ExtensibilityAddIns) = postSolution
	EndGlobalSection
EndGlobal
