
Microsoft Visual Studio Solution File, Format Version 12.00
# Visual Studio Version 17
Project("{8BC9CEB8-8B4A-11D0-8D11-00A0C91BC942}") = "ALL_BUILD", "ALL_BUILD.vcxproj", "{D8B00674-F003-3D7C-A39D-BE21F6736970}"
	ProjectSection(ProjectDependencies) = postProject
		{1FF823E9-F06A-3601-B785-511EA5D7AF71} = {1FF823E9-F06A-3601-B785-511EA5D7AF71}
	EndProjectSection
EndProject
Project("{8BC9CEB8-8B4A-11D0-8D11-00A0C91BC942}") = "EngineModule", "EngineModule.vcxproj", "{1FF823E9-F06A-3601-B785-511EA5D7AF71}"
	ProjectSection(ProjectDependencies) = postProject
		{29AB0FF8-99D1-32CA-89C0-0B3D802858DC} = {29AB0FF8-99D1-32CA-89C0-0B3D802858DC}
		{BC8BB0EE-D12E-370F-ACFC-634BC65F48CA} = {BC8BB0EE-D12E-370F-ACFC-634BC65F48CA}
	EndProjectSection
EndProject
Project("{8BC9CEB8-8B4A-11D0-8D11-00A0C91BC942}") = "MathModule", "..\Math\MathModule.vcxproj", "{29AB0FF8-99D1-32CA-89C0-0B3D802858DC}"
	ProjectSection(ProjectDependencies) = postProject
	EndProjectSection
EndProject
Project("{8BC9CEB8-8B4A-11D0-8D11-00A0C91BC942}") = "RendererModule", "..\Renderer\RendererModule.vcxproj", "{BC8BB0EE-D12E-370F-ACFC-634BC65F48CA}"
	ProjectSection(ProjectDependencies) = postProject
		{29AB0FF8-99D1-32CA-89C0-0B3D802858DC} = {29AB0FF8-99D1-32CA-89C0-0B3D802858DC}
	EndProjectSection
EndProject
Global
	GlobalSection(SolutionConfigurationPlatforms) = preSolution
		Debug|x64 = Debug|x64
		Release|x64 = Release|x64
		MinSizeRel|x64 = MinSizeRel|x64
		RelWithDebInfo|x64 = RelWithDebInfo|x64
	EndGlobalSection
	GlobalSection(ProjectConfigurationPlatforms) = postSolution
		{D8B00674-F003-3D7C-A39D-BE21F6736970}.Debug|x64.ActiveCfg = Debug|x64
		{D8B00674-F003-3D7C-A39D-BE21F6736970}.Release|x64.ActiveCfg = Release|x64
		{D8B00674-F003-3D7C-A39D-BE21F6736970}.MinSizeRel|x64.ActiveCfg = MinSizeRel|x64
		{D8B00674-F003-3D7C-A39D-BE21F6736970}.RelWithDebInfo|x64.ActiveCfg = RelWithDebInfo|x64
		{1FF823E9-F06A-3601-B785-511EA5D7AF71}.Debug|x64.ActiveCfg = Debug|x64
		{1FF823E9-F06A-3601-B785-511EA5D7AF71}.Debug|x64.Build.0 = Debug|x64
		{1FF823E9-F06A-3601-B785-511EA5D7AF71}.Release|x64.ActiveCfg = Release|x64
		{1FF823E9-F06A-3601-B785-511EA5D7AF71}.Release|x64.Build.0 = Release|x64
		{1FF823E9-F06A-3601-B785-511EA5D7AF71}.MinSizeRel|x64.ActiveCfg = MinSizeRel|x64
		{1FF823E9-F06A-3601-B785-511EA5D7AF71}.MinSizeRel|x64.Build.0 = MinSizeRel|x64
		{1FF823E9-F06A-3601-B785-511EA5D7AF71}.RelWithDebInfo|x64.ActiveCfg = RelWithDebInfo|x64
		{1FF823E9-F06A-3601-B785-511EA5D7AF71}.RelWithDebInfo|x64.Build.0 = RelWithDebInfo|x64
		{29AB0FF8-99D1-32CA-89C0-0B3D802858DC}.Debug|x64.ActiveCfg = Debug|x64
		{29AB0FF8-99D1-32CA-89C0-0B3D802858DC}.Debug|x64.Build.0 = Debug|x64
		{29AB0FF8-99D1-32CA-89C0-0B3D802858DC}.Release|x64.ActiveCfg = Release|x64
		{29AB0FF8-99D1-32CA-89C0-0B3D802858DC}.Release|x64.Build.0 = Release|x64
		{29AB0FF8-99D1-32CA-89C0-0B3D802858DC}.MinSizeRel|x64.ActiveCfg = MinSizeRel|x64
		{29AB0FF8-99D1-32CA-89C0-0B3D802858DC}.MinSizeRel|x64.Build.0 = MinSizeRel|x64
		{29AB0FF8-99D1-32CA-89C0-0B3D802858DC}.RelWithDebInfo|x64.ActiveCfg = RelWithDebInfo|x64
		{29AB0FF8-99D1-32CA-89C0-0B3D802858DC}.RelWithDebInfo|x64.Build.0 = RelWithDebInfo|x64
		{BC8BB0EE-D12E-370F-ACFC-634BC65F48CA}.Debug|x64.ActiveCfg = Debug|x64
		{BC8BB0EE-D12E-370F-ACFC-634BC65F48CA}.Debug|x64.Build.0 = Debug|x64
		{BC8BB0EE-D12E-370F-ACFC-634BC65F48CA}.Release|x64.ActiveCfg = Release|x64
		{BC8BB0EE-D12E-370F-ACFC-634BC65F48CA}.Release|x64.Build.0 = Release|x64
		{BC8BB0EE-D12E-370F-ACFC-634BC65F48CA}.MinSizeRel|x64.ActiveCfg = MinSizeRel|x64
		{BC8BB0EE-D12E-370F-ACFC-634BC65F48CA}.MinSizeRel|x64.Build.0 = MinSizeRel|x64
		{BC8BB0EE-D12E-370F-ACFC-634BC65F48CA}.RelWithDebInfo|x64.ActiveCfg = RelWithDebInfo|x64
		{BC8BB0EE-D12E-370F-ACFC-634BC65F48CA}.RelWithDebInfo|x64.Build.0 = RelWithDebInfo|x64
	EndGlobalSection
	GlobalSection(ExtensibilityGlobals) = postSolution
		SolutionGuid = {2600D704-425B-3284-9737-BD4CEC885BEC}
	EndGlobalSection
	GlobalSection(ExtensibilityAddIns) = postSolution
	EndGlobalSection
EndGlobal
