<?xml version="1.0" encoding="utf-8"?>
<Project ToolsVersion="17.0" xmlns="http://schemas.microsoft.com/developer/msbuild/2003">
  <ItemGroup>
    <ClCompile Include="C:\GameMathSource\gamemath-3-1\gamemath-3-1\Source\Runtime\Engine\Precompiled.cpp" />
    <ClCompile Include="C:\GameMathSource\gamemath-3-1\gamemath-3-1\Source\Runtime\Engine\Private\2D\CameraObject.cpp">
      <Filter>Private\2D</Filter>
    </ClCompile>
    <ClCompile Include="C:\GameMathSource\gamemath-3-1\gamemath-3-1\Source\Runtime\Engine\Private\2D\GameEngine.cpp">
      <Filter>Private\2D</Filter>
    </ClCompile>
    <ClCompile Include="C:\GameMathSource\gamemath-3-1\gamemath-3-1\Source\Runtime\Engine\Private\2D\GameObject.cpp">
      <Filter>Private\2D</Filter>
    </ClCompile>
    <ClCompile Include="C:\GameMathSource\gamemath-3-1\gamemath-3-1\Source\Runtime\Engine\Private\2D\Mesh.cpp">
      <Filter>Private\2D</Filter>
    </ClCompile>
    <ClCompile Include="C:\GameMathSource\gamemath-3-1\gamemath-3-1\Source\Runtime\Engine\Private\2D\TransformComponent.cpp">
      <Filter>Private\2D</Filter>
    </ClCompile>
    <ClCompile Include="C:\GameMathSource\gamemath-3-1\gamemath-3-1\Source\Runtime\Engine\Private\3D\Bone.cpp">
      <Filter>Private\3D</Filter>
    </ClCompile>
    <ClCompile Include="C:\GameMathSource\gamemath-3-1\gamemath-3-1\Source\Runtime\Engine\Private\3D\CameraObject.cpp">
      <Filter>Private\3D</Filter>
    </ClCompile>
    <ClCompile Include="C:\GameMathSource\gamemath-3-1\gamemath-3-1\Source\Runtime\Engine\Private\3D\GameEngine.cpp">
      <Filter>Private\3D</Filter>
    </ClCompile>
    <ClCompile Include="C:\GameMathSource\gamemath-3-1\gamemath-3-1\Source\Runtime\Engine\Private\3D\GameObject.cpp">
      <Filter>Private\3D</Filter>
    </ClCompile>
    <ClCompile Include="C:\GameMathSource\gamemath-3-1\gamemath-3-1\Source\Runtime\Engine\Private\3D\Mesh.cpp">
      <Filter>Private\3D</Filter>
    </ClCompile>
    <ClCompile Include="C:\GameMathSource\gamemath-3-1\gamemath-3-1\Source\Runtime\Engine\Private\3D\TransformComponent.cpp">
      <Filter>Private\3D</Filter>
    </ClCompile>
    <ClCompile Include="C:\GameMathSource\gamemath-3-1\gamemath-3-1\Source\Runtime\Engine\Private\InputManager.cpp">
      <Filter>Private</Filter>
    </ClCompile>
    <ClCompile Include="C:\GameMathSource\gamemath-3-1\gamemath-3-1\Source\Runtime\Engine\Private\Texture.cpp">
      <Filter>Private</Filter>
    </ClCompile>
  </ItemGroup>
  <ItemGroup>
    <ClInclude Include="C:\GameMathSource\gamemath-3-1\gamemath-3-1\Source\Runtime\Engine\Precompiled.h" />
    <ClInclude Include="C:\GameMathSource\gamemath-3-1\gamemath-3-1\Source\Runtime\Engine\Public\2D\CameraObject.h">
      <Filter>Public\2D</Filter>
    </ClInclude>
    <ClInclude Include="C:\GameMathSource\gamemath-3-1\gamemath-3-1\Source\Runtime\Engine\Public\2D\GameEngine.h">
      <Filter>Public\2D</Filter>
    </ClInclude>
    <ClInclude Include="C:\GameMathSource\gamemath-3-1\gamemath-3-1\Source\Runtime\Engine\Public\2D\GameObject.h">
      <Filter>Public\2D</Filter>
    </ClInclude>
    <ClInclude Include="C:\GameMathSource\gamemath-3-1\gamemath-3-1\Source\Runtime\Engine\Public\2D\Mesh.h">
      <Filter>Public\2D</Filter>
    </ClInclude>
    <ClInclude Include="C:\GameMathSource\gamemath-3-1\gamemath-3-1\Source\Runtime\Engine\Public\2D\TransformComponent.h">
      <Filter>Public\2D</Filter>
    </ClInclude>
    <ClInclude Include="C:\GameMathSource\gamemath-3-1\gamemath-3-1\Source\Runtime\Engine\Public\3D\Bone.h">
      <Filter>Public\3D</Filter>
    </ClInclude>
    <ClInclude Include="C:\GameMathSource\gamemath-3-1\gamemath-3-1\Source\Runtime\Engine\Public\3D\CameraObject.h">
      <Filter>Public\3D</Filter>
    </ClInclude>
    <ClInclude Include="C:\GameMathSource\gamemath-3-1\gamemath-3-1\Source\Runtime\Engine\Public\3D\GameEngine.h">
      <Filter>Public\3D</Filter>
    </ClInclude>
    <ClInclude Include="C:\GameMathSource\gamemath-3-1\gamemath-3-1\Source\Runtime\Engine\Public\3D\GameObject.h">
      <Filter>Public\3D</Filter>
    </ClInclude>
    <ClInclude Include="C:\GameMathSource\gamemath-3-1\gamemath-3-1\Source\Runtime\Engine\Public\3D\Mesh.h">
      <Filter>Public\3D</Filter>
    </ClInclude>
    <ClInclude Include="C:\GameMathSource\gamemath-3-1\gamemath-3-1\Source\Runtime\Engine\Public\3D\Resources.h">
      <Filter>Public\3D</Filter>
    </ClInclude>
    <ClInclude Include="C:\GameMathSource\gamemath-3-1\gamemath-3-1\Source\Runtime\Engine\Public\3D\TransformComponent.h">
      <Filter>Public\3D</Filter>
    </ClInclude>
    <ClInclude Include="C:\GameMathSource\gamemath-3-1\gamemath-3-1\Source\Runtime\Engine\Public\EngineHeaders.h">
      <Filter>Public</Filter>
    </ClInclude>
    <ClInclude Include="C:\GameMathSource\gamemath-3-1\gamemath-3-1\Source\Runtime\Engine\Public\EngineInterface.h">
      <Filter>Public</Filter>
    </ClInclude>
    <ClInclude Include="C:\GameMathSource\gamemath-3-1\gamemath-3-1\Source\Runtime\Engine\Public\InputManager.h">
      <Filter>Public</Filter>
    </ClInclude>
    <ClInclude Include="C:\GameMathSource\gamemath-3-1\gamemath-3-1\Source\Runtime\Engine\Public\Texture.h">
      <Filter>Public</Filter>
    </ClInclude>
    <ClInclude Include="C:\GameMathSource\gamemath-3-1\gamemath-3-1\Source\Runtime\Engine\ThirdParty\Stb\stb.h">
      <Filter>ThirdParty\Stb</Filter>
    </ClInclude>
    <ClInclude Include="C:\GameMathSource\gamemath-3-1\gamemath-3-1\Source\Runtime\Engine\ThirdParty\Stb\stb_c_lexer.h">
      <Filter>ThirdParty\Stb</Filter>
    </ClInclude>
    <ClInclude Include="C:\GameMathSource\gamemath-3-1\gamemath-3-1\Source\Runtime\Engine\ThirdParty\Stb\stb_connected_components.h">
      <Filter>ThirdParty\Stb</Filter>
    </ClInclude>
    <ClInclude Include="C:\GameMathSource\gamemath-3-1\gamemath-3-1\Source\Runtime\Engine\ThirdParty\Stb\stb_divide.h">
      <Filter>ThirdParty\Stb</Filter>
    </ClInclude>
    <ClInclude Include="C:\GameMathSource\gamemath-3-1\gamemath-3-1\Source\Runtime\Engine\ThirdParty\Stb\stb_ds.h">
      <Filter>ThirdParty\Stb</Filter>
    </ClInclude>
    <ClInclude Include="C:\GameMathSource\gamemath-3-1\gamemath-3-1\Source\Runtime\Engine\ThirdParty\Stb\stb_dxt.h">
      <Filter>ThirdParty\Stb</Filter>
    </ClInclude>
    <ClInclude Include="C:\GameMathSource\gamemath-3-1\gamemath-3-1\Source\Runtime\Engine\ThirdParty\Stb\stb_easy_font.h">
      <Filter>ThirdParty\Stb</Filter>
    </ClInclude>
    <ClInclude Include="C:\GameMathSource\gamemath-3-1\gamemath-3-1\Source\Runtime\Engine\ThirdParty\Stb\stb_herringbone_wang_tile.h">
      <Filter>ThirdParty\Stb</Filter>
    </ClInclude>
    <ClInclude Include="C:\GameMathSource\gamemath-3-1\gamemath-3-1\Source\Runtime\Engine\ThirdParty\Stb\stb_image.h">
      <Filter>ThirdParty\Stb</Filter>
    </ClInclude>
    <ClInclude Include="C:\GameMathSource\gamemath-3-1\gamemath-3-1\Source\Runtime\Engine\ThirdParty\Stb\stb_image_resize.h">
      <Filter>ThirdParty\Stb</Filter>
    </ClInclude>
    <ClInclude Include="C:\GameMathSource\gamemath-3-1\gamemath-3-1\Source\Runtime\Engine\ThirdParty\Stb\stb_image_write.h">
      <Filter>ThirdParty\Stb</Filter>
    </ClInclude>
    <ClInclude Include="C:\GameMathSource\gamemath-3-1\gamemath-3-1\Source\Runtime\Engine\ThirdParty\Stb\stb_include.h">
      <Filter>ThirdParty\Stb</Filter>
    </ClInclude>
    <ClInclude Include="C:\GameMathSource\gamemath-3-1\gamemath-3-1\Source\Runtime\Engine\ThirdParty\Stb\stb_leakcheck.h">
      <Filter>ThirdParty\Stb</Filter>
    </ClInclude>
    <ClInclude Include="C:\GameMathSource\gamemath-3-1\gamemath-3-1\Source\Runtime\Engine\ThirdParty\Stb\stb_perlin.h">
      <Filter>ThirdParty\Stb</Filter>
    </ClInclude>
    <ClInclude Include="C:\GameMathSource\gamemath-3-1\gamemath-3-1\Source\Runtime\Engine\ThirdParty\Stb\stb_rect_pack.h">
      <Filter>ThirdParty\Stb</Filter>
    </ClInclude>
    <ClInclude Include="C:\GameMathSource\gamemath-3-1\gamemath-3-1\Source\Runtime\Engine\ThirdParty\Stb\stb_sprintf.h">
      <Filter>ThirdParty\Stb</Filter>
    </ClInclude>
    <ClInclude Include="C:\GameMathSource\gamemath-3-1\gamemath-3-1\Source\Runtime\Engine\ThirdParty\Stb\stb_textedit.h">
      <Filter>ThirdParty\Stb</Filter>
    </ClInclude>
    <ClInclude Include="C:\GameMathSource\gamemath-3-1\gamemath-3-1\Source\Runtime\Engine\ThirdParty\Stb\stb_tilemap_editor.h">
      <Filter>ThirdParty\Stb</Filter>
    </ClInclude>
    <ClInclude Include="C:\GameMathSource\gamemath-3-1\gamemath-3-1\Source\Runtime\Engine\ThirdParty\Stb\stb_truetype.h">
      <Filter>ThirdParty\Stb</Filter>
    </ClInclude>
    <ClInclude Include="C:\GameMathSource\gamemath-3-1\gamemath-3-1\Source\Runtime\Engine\ThirdParty\Stb\stb_voxel_render.h">
      <Filter>ThirdParty\Stb</Filter>
    </ClInclude>
    <ClInclude Include="C:\GameMathSource\gamemath-3-1\gamemath-3-1\Source\Runtime\Engine\ThirdParty\Stb\stretchy_buffer.h">
      <Filter>ThirdParty\Stb</Filter>
    </ClInclude>
  </ItemGroup>
  <ItemGroup>
    <Filter Include="Private">
      <UniqueIdentifier>{7BD55FD1-1879-32DF-BD35-22F4DB4177B0}</UniqueIdentifier>
    </Filter>
    <Filter Include="Private\2D">
      <UniqueIdentifier>{9624690A-0CF3-39BB-9A78-5E453254E9D9}</UniqueIdentifier>
    </Filter>
    <Filter Include="Private\3D">
      <UniqueIdentifier>{8C4BD817-4A07-3DDE-B979-C18524E6DD73}</UniqueIdentifier>
    </Filter>
    <Filter Include="Public">
      <UniqueIdentifier>{EC6E752F-7873-386F-A319-48B019741076}</UniqueIdentifier>
    </Filter>
    <Filter Include="Public\2D">
      <UniqueIdentifier>{174D62E3-1164-3641-A2F8-0BE136113E15}</UniqueIdentifier>
    </Filter>
    <Filter Include="Public\3D">
      <UniqueIdentifier>{3A07A7B1-2EB9-3C66-A53D-F945D5C83FEE}</UniqueIdentifier>
    </Filter>
    <Filter Include="ThirdParty">
      <UniqueIdentifier>{E8FA4945-92B9-3F23-95DD-15831979DEAE}</UniqueIdentifier>
    </Filter>
    <Filter Include="ThirdParty\Stb">
      <UniqueIdentifier>{5041B907-7324-3D26-A169-59D757D7B09E}</UniqueIdentifier>
    </Filter>
  </ItemGroup>
</Project>
