<?xml version="1.0" encoding="utf-8"?>
<Project ToolsVersion="17.0" xmlns="http://schemas.microsoft.com/developer/msbuild/2003">
  <ItemGroup>
    <ClCompile Include="D:\GitRepo\GameMath_Repo\GameMathRepo\gamemath-4-5\gamemath-4-5\Source\Player\Precompiled.cpp" />
    <ClCompile Include="D:\GitRepo\GameMath_Repo\GameMathRepo\gamemath-4-5\gamemath-4-5\Source\Player\Private\SystemInputManager.cpp">
      <Filter>Private</Filter>
    </ClCompile>
    <ClCompile Include="D:\GitRepo\GameMath_Repo\GameMathRepo\gamemath-4-5\gamemath-4-5\Source\Player\SoftRenderer.cpp" />
    <ClCompile Include="D:\GitRepo\GameMath_Repo\GameMathRepo\gamemath-4-5\gamemath-4-5\Source\Player\SoftRenderer2D.cpp" />
    <ClCompile Include="D:\GitRepo\GameMath_Repo\GameMathRepo\gamemath-4-5\gamemath-4-5\Source\Player\SoftRenderer3D.cpp" />
    <ClCompile Include="D:\GitRepo\GameMath_Repo\GameMathRepo\gamemath-4-5\gamemath-4-5\Source\Player\Private\Windows\WindowsApp.cpp">
      <Filter>Private\Windows</Filter>
    </ClCompile>
  </ItemGroup>
  <ItemGroup>
    <ClInclude Include="D:\GitRepo\GameMath_Repo\GameMathRepo\gamemath-4-5\gamemath-4-5\Source\Player\Precompiled.h" />
    <ClInclude Include="D:\GitRepo\GameMath_Repo\GameMathRepo\gamemath-4-5\gamemath-4-5\Source\Player\SoftRenderer.h" />
    <ClInclude Include="D:\GitRepo\GameMath_Repo\GameMathRepo\gamemath-4-5\gamemath-4-5\Source\Player\SystemInputManager.h" />
    <ClInclude Include="D:\GitRepo\GameMath_Repo\GameMathRepo\gamemath-4-5\gamemath-4-5\Source\Player\Private\Windows\Res\resource.h">
      <Filter>Private\Windows\Res</Filter>
    </ClInclude>
    <ClInclude Include="D:\GitRepo\GameMath_Repo\GameMathRepo\gamemath-4-5\gamemath-4-5\Source\Player\Private\Windows\WindowsPlayer.h">
      <Filter>Private\Windows</Filter>
    </ClInclude>
    <ClInclude Include="D:\GitRepo\GameMath_Repo\GameMathRepo\gamemath-4-5\gamemath-4-5\Source\Player\Private\Windows\WindowsUtil.h">
      <Filter>Private\Windows</Filter>
    </ClInclude>
  </ItemGroup>
  <ItemGroup>
    <None Include="D:\GitRepo\GameMath_Repo\GameMathRepo\gamemath-4-5\gamemath-4-5\Source\Player\Private\Windows\Res\player.ico">
      <Filter>Private\Windows\Res</Filter>
    </None>
    <None Include="D:\GitRepo\GameMath_Repo\GameMathRepo\gamemath-4-5\gamemath-4-5\Source\Player\Private\Windows\Res\player_small.ico">
      <Filter>Private\Windows\Res</Filter>
    </None>
  </ItemGroup>
  <ItemGroup>
    <ResourceCompile Include="D:\GitRepo\GameMath_Repo\GameMathRepo\gamemath-4-5\gamemath-4-5\Source\Player\Private\Windows\Res\player.rc">
      <Filter>Private\Windows\Res</Filter>
    </ResourceCompile>
  </ItemGroup>
  <ItemGroup>
    <Filter Include="Private">
      <UniqueIdentifier>{A0E6A48B-FE7B-3BD1-AFC1-77276986962C}</UniqueIdentifier>
    </Filter>
    <Filter Include="Private\Windows">
      <UniqueIdentifier>{EF6E4160-73BD-3E79-AE1F-E9FDC0E554C9}</UniqueIdentifier>
    </Filter>
    <Filter Include="Private\Windows\Res">
      <UniqueIdentifier>{24E2D5A3-3151-3F02-B6D5-1E92A55FA38F}</UniqueIdentifier>
    </Filter>
  </ItemGroup>
</Project>
