<?xml version="1.0" encoding="utf-8"?>
<Project ToolsVersion="17.0" xmlns="http://schemas.microsoft.com/developer/msbuild/2003">
  <ItemGroup>
    <ClCompile Include="D:\GitRepo\GameMath_Repo\GameMathRepo\gamemath-4-4\gamemath-4-4\Source\Runtime\Renderer\Precompiled.cpp" />
    <ClCompile Include="D:\GitRepo\GameMath_Repo\GameMathRepo\gamemath-4-4\gamemath-4-4\Source\Runtime\Renderer\Private\2D\Shader.cpp">
      <Filter>Private\2D</Filter>
    </ClCompile>
    <ClCompile Include="D:\GitRepo\GameMath_Repo\GameMathRepo\gamemath-4-4\gamemath-4-4\Source\Runtime\Renderer\Private\2D\Vertex.cpp">
      <Filter>Private\2D</Filter>
    </ClCompile>
    <ClCompile Include="D:\GitRepo\GameMath_Repo\GameMathRepo\gamemath-4-4\gamemath-4-4\Source\Runtime\Renderer\Private\3D\PerspectiveTest.cpp">
      <Filter>Private\3D</Filter>
    </ClCompile>
    <ClCompile Include="D:\GitRepo\GameMath_Repo\GameMathRepo\gamemath-4-4\gamemath-4-4\Source\Runtime\Renderer\Private\3D\Shader.cpp">
      <Filter>Private\3D</Filter>
    </ClCompile>
    <ClCompile Include="D:\GitRepo\GameMath_Repo\GameMathRepo\gamemath-4-4\gamemath-4-4\Source\Runtime\Renderer\Private\3D\Vertex.cpp">
      <Filter>Private\3D</Filter>
    </ClCompile>
    <ClCompile Include="D:\GitRepo\GameMath_Repo\GameMathRepo\gamemath-4-4\gamemath-4-4\Source\Runtime\Renderer\Private\Windows\WindowsGDI.cpp">
      <Filter>Private\Windows</Filter>
    </ClCompile>
    <ClCompile Include="D:\GitRepo\GameMath_Repo\GameMathRepo\gamemath-4-4\gamemath-4-4\Source\Runtime\Renderer\Private\Windows\WindowsRSI.cpp">
      <Filter>Private\Windows</Filter>
    </ClCompile>
  </ItemGroup>
  <ItemGroup>
    <ClInclude Include="D:\GitRepo\GameMath_Repo\GameMathRepo\gamemath-4-4\gamemath-4-4\Source\Runtime\Renderer\Precompiled.h" />
    <ClInclude Include="D:\GitRepo\GameMath_Repo\GameMathRepo\gamemath-4-4\gamemath-4-4\Source\Runtime\Renderer\Public\2D\Shader.h">
      <Filter>Public\2D</Filter>
    </ClInclude>
    <ClInclude Include="D:\GitRepo\GameMath_Repo\GameMathRepo\gamemath-4-4\gamemath-4-4\Source\Runtime\Renderer\Public\2D\Vertex.h">
      <Filter>Public\2D</Filter>
    </ClInclude>
    <ClInclude Include="D:\GitRepo\GameMath_Repo\GameMathRepo\gamemath-4-4\gamemath-4-4\Source\Runtime\Renderer\Public\3D\PerspectiveTest.h">
      <Filter>Public\3D</Filter>
    </ClInclude>
    <ClInclude Include="D:\GitRepo\GameMath_Repo\GameMathRepo\gamemath-4-4\gamemath-4-4\Source\Runtime\Renderer\Public\3D\Shader.h">
      <Filter>Public\3D</Filter>
    </ClInclude>
    <ClInclude Include="D:\GitRepo\GameMath_Repo\GameMathRepo\gamemath-4-4\gamemath-4-4\Source\Runtime\Renderer\Public\3D\Vertex.h">
      <Filter>Public\3D</Filter>
    </ClInclude>
    <ClInclude Include="D:\GitRepo\GameMath_Repo\GameMathRepo\gamemath-4-4\gamemath-4-4\Source\Runtime\Renderer\Public\RendererHeaders.h">
      <Filter>Public</Filter>
    </ClInclude>
    <ClInclude Include="D:\GitRepo\GameMath_Repo\GameMathRepo\gamemath-4-4\gamemath-4-4\Source\Runtime\Renderer\Public\RendererInterface.h">
      <Filter>Public</Filter>
    </ClInclude>
    <ClInclude Include="D:\GitRepo\GameMath_Repo\GameMathRepo\gamemath-4-4\gamemath-4-4\Source\Runtime\Renderer\Public\Windows\WindowsGDI.h">
      <Filter>Public\Windows</Filter>
    </ClInclude>
    <ClInclude Include="D:\GitRepo\GameMath_Repo\GameMathRepo\gamemath-4-4\gamemath-4-4\Source\Runtime\Renderer\Public\Windows\WindowsRSI.h">
      <Filter>Public\Windows</Filter>
    </ClInclude>
  </ItemGroup>
  <ItemGroup>
    <Filter Include="Private">
      <UniqueIdentifier>{FD1FA5E5-BC53-3A90-900B-8AA2F85C1AD3}</UniqueIdentifier>
    </Filter>
    <Filter Include="Private\2D">
      <UniqueIdentifier>{8281D4DC-87B0-3D0D-BBF0-599ECD964E54}</UniqueIdentifier>
    </Filter>
    <Filter Include="Private\3D">
      <UniqueIdentifier>{24F21ED8-BBAB-3D66-9D2D-33E6D46EA6D4}</UniqueIdentifier>
    </Filter>
    <Filter Include="Private\Windows">
      <UniqueIdentifier>{87BFD6EC-3A8F-3937-A0E7-7965E3AD100B}</UniqueIdentifier>
    </Filter>
    <Filter Include="Public">
      <UniqueIdentifier>{EAD8B407-48DE-3593-A7C1-07CB19BEEDFB}</UniqueIdentifier>
    </Filter>
    <Filter Include="Public\2D">
      <UniqueIdentifier>{9D8975B8-9A8B-3EDC-A789-8E608232D06C}</UniqueIdentifier>
    </Filter>
    <Filter Include="Public\3D">
      <UniqueIdentifier>{01239439-16CA-3162-82CD-0F7B49FE0B75}</UniqueIdentifier>
    </Filter>
    <Filter Include="Public\Windows">
      <UniqueIdentifier>{1322E598-D7B8-38BE-A627-F6F18616F873}</UniqueIdentifier>
    </Filter>
  </ItemGroup>
</Project>
