<?xml version="1.0" encoding="utf-8"?>
<Project ToolsVersion="17.0" xmlns="http://schemas.microsoft.com/developer/msbuild/2003">
  <ItemGroup>
    <ClCompile Include="C:\GameMathSource\gamemath-3-1\gamemath-3-1\Source\Runtime\Renderer\Precompiled.cpp" />
    <ClCompile Include="C:\GameMathSource\gamemath-3-1\gamemath-3-1\Source\Runtime\Renderer\Private\2D\Shader.cpp">
      <Filter>Private\2D</Filter>
    </ClCompile>
    <ClCompile Include="C:\GameMathSource\gamemath-3-1\gamemath-3-1\Source\Runtime\Renderer\Private\2D\Vertex.cpp">
      <Filter>Private\2D</Filter>
    </ClCompile>
    <ClCompile Include="C:\GameMathSource\gamemath-3-1\gamemath-3-1\Source\Runtime\Renderer\Private\3D\PerspectiveTest.cpp">
      <Filter>Private\3D</Filter>
    </ClCompile>
    <ClCompile Include="C:\GameMathSource\gamemath-3-1\gamemath-3-1\Source\Runtime\Renderer\Private\3D\Shader.cpp">
      <Filter>Private\3D</Filter>
    </ClCompile>
    <ClCompile Include="C:\GameMathSource\gamemath-3-1\gamemath-3-1\Source\Runtime\Renderer\Private\3D\Vertex.cpp">
      <Filter>Private\3D</Filter>
    </ClCompile>
    <ClCompile Include="C:\GameMathSource\gamemath-3-1\gamemath-3-1\Source\Runtime\Renderer\Private\Windows\WindowsGDI.cpp">
      <Filter>Private\Windows</Filter>
    </ClCompile>
    <ClCompile Include="C:\GameMathSource\gamemath-3-1\gamemath-3-1\Source\Runtime\Renderer\Private\Windows\WindowsRSI.cpp">
      <Filter>Private\Windows</Filter>
    </ClCompile>
  </ItemGroup>
  <ItemGroup>
    <ClInclude Include="C:\GameMathSource\gamemath-3-1\gamemath-3-1\Source\Runtime\Renderer\Precompiled.h" />
    <ClInclude Include="C:\GameMathSource\gamemath-3-1\gamemath-3-1\Source\Runtime\Renderer\Public\2D\Shader.h">
      <Filter>Public\2D</Filter>
    </ClInclude>
    <ClInclude Include="C:\GameMathSource\gamemath-3-1\gamemath-3-1\Source\Runtime\Renderer\Public\2D\Vertex.h">
      <Filter>Public\2D</Filter>
    </ClInclude>
    <ClInclude Include="C:\GameMathSource\gamemath-3-1\gamemath-3-1\Source\Runtime\Renderer\Public\3D\PerspectiveTest.h">
      <Filter>Public\3D</Filter>
    </ClInclude>
    <ClInclude Include="C:\GameMathSource\gamemath-3-1\gamemath-3-1\Source\Runtime\Renderer\Public\3D\Shader.h">
      <Filter>Public\3D</Filter>
    </ClInclude>
    <ClInclude Include="C:\GameMathSource\gamemath-3-1\gamemath-3-1\Source\Runtime\Renderer\Public\3D\Vertex.h">
      <Filter>Public\3D</Filter>
    </ClInclude>
    <ClInclude Include="C:\GameMathSource\gamemath-3-1\gamemath-3-1\Source\Runtime\Renderer\Public\RendererHeaders.h">
      <Filter>Public</Filter>
    </ClInclude>
    <ClInclude Include="C:\GameMathSource\gamemath-3-1\gamemath-3-1\Source\Runtime\Renderer\Public\RendererInterface.h">
      <Filter>Public</Filter>
    </ClInclude>
    <ClInclude Include="C:\GameMathSource\gamemath-3-1\gamemath-3-1\Source\Runtime\Renderer\Public\Windows\WindowsGDI.h">
      <Filter>Public\Windows</Filter>
    </ClInclude>
    <ClInclude Include="C:\GameMathSource\gamemath-3-1\gamemath-3-1\Source\Runtime\Renderer\Public\Windows\WindowsRSI.h">
      <Filter>Public\Windows</Filter>
    </ClInclude>
  </ItemGroup>
  <ItemGroup>
    <Filter Include="Private">
      <UniqueIdentifier>{7BD55FD1-1879-32DF-BD35-22F4DB4177B0}</UniqueIdentifier>
    </Filter>
    <Filter Include="Private\2D">
      <UniqueIdentifier>{9624690A-0CF3-39BB-9A78-5E453254E9D9}</UniqueIdentifier>
    </Filter>
    <Filter Include="Private\3D">
      <UniqueIdentifier>{8C4BD817-4A07-3DDE-B979-C18524E6DD73}</UniqueIdentifier>
    </Filter>
    <Filter Include="Private\Windows">
      <UniqueIdentifier>{2D58E24B-DF06-31D1-9A28-8E3F3C2E0440}</UniqueIdentifier>
    </Filter>
    <Filter Include="Public">
      <UniqueIdentifier>{EC6E752F-7873-386F-A319-48B019741076}</UniqueIdentifier>
    </Filter>
    <Filter Include="Public\2D">
      <UniqueIdentifier>{174D62E3-1164-3641-A2F8-0BE136113E15}</UniqueIdentifier>
    </Filter>
    <Filter Include="Public\3D">
      <UniqueIdentifier>{3A07A7B1-2EB9-3C66-A53D-F945D5C83FEE}</UniqueIdentifier>
    </Filter>
    <Filter Include="Public\Windows">
      <UniqueIdentifier>{2BD93A53-844A-3BA5-808C-8C1B89EE5A6D}</UniqueIdentifier>
    </Filter>
  </ItemGroup>
</Project>
