<?xml version="1.0" encoding="utf-8"?>
<Project ToolsVersion="17.0" xmlns="http://schemas.microsoft.com/developer/msbuild/2003">
  <ItemGroup>
    <ClCompile Include="C:\GameMathSource\gamemath-3-2\gamemath-3-2\Source\Runtime\Engine\Precompiled.cpp" />
    <ClCompile Include="C:\GameMathSource\gamemath-3-2\gamemath-3-2\Source\Runtime\Engine\Private\2D\CameraObject.cpp">
      <Filter>Private\2D</Filter>
    </ClCompile>
    <ClCompile Include="C:\GameMathSource\gamemath-3-2\gamemath-3-2\Source\Runtime\Engine\Private\2D\GameEngine.cpp">
      <Filter>Private\2D</Filter>
    </ClCompile>
    <ClCompile Include="C:\GameMathSource\gamemath-3-2\gamemath-3-2\Source\Runtime\Engine\Private\2D\GameObject.cpp">
      <Filter>Private\2D</Filter>
    </ClCompile>
    <ClCompile Include="C:\GameMathSource\gamemath-3-2\gamemath-3-2\Source\Runtime\Engine\Private\2D\Mesh.cpp">
      <Filter>Private\2D</Filter>
    </ClCompile>
    <ClCompile Include="C:\GameMathSource\gamemath-3-2\gamemath-3-2\Source\Runtime\Engine\Private\2D\TransformComponent.cpp">
      <Filter>Private\2D</Filter>
    </ClCompile>
    <ClCompile Include="C:\GameMathSource\gamemath-3-2\gamemath-3-2\Source\Runtime\Engine\Private\3D\Bone.cpp">
      <Filter>Private\3D</Filter>
    </ClCompile>
    <ClCompile Include="C:\GameMathSource\gamemath-3-2\gamemath-3-2\Source\Runtime\Engine\Private\3D\CameraObject.cpp">
      <Filter>Private\3D</Filter>
    </ClCompile>
    <ClCompile Include="C:\GameMathSource\gamemath-3-2\gamemath-3-2\Source\Runtime\Engine\Private\3D\GameEngine.cpp">
      <Filter>Private\3D</Filter>
    </ClCompile>
    <ClCompile Include="C:\GameMathSource\gamemath-3-2\gamemath-3-2\Source\Runtime\Engine\Private\3D\GameObject.cpp">
      <Filter>Private\3D</Filter>
    </ClCompile>
    <ClCompile Include="C:\GameMathSource\gamemath-3-2\gamemath-3-2\Source\Runtime\Engine\Private\3D\Mesh.cpp">
      <Filter>Private\3D</Filter>
    </ClCompile>
    <ClCompile Include="C:\GameMathSource\gamemath-3-2\gamemath-3-2\Source\Runtime\Engine\Private\3D\TransformComponent.cpp">
      <Filter>Private\3D</Filter>
    </ClCompile>
    <ClCompile Include="C:\GameMathSource\gamemath-3-2\gamemath-3-2\Source\Runtime\Engine\Private\InputManager.cpp">
      <Filter>Private</Filter>
    </ClCompile>
    <ClCompile Include="C:\GameMathSource\gamemath-3-2\gamemath-3-2\Source\Runtime\Engine\Private\Texture.cpp">
      <Filter>Private</Filter>
    </ClCompile>
  </ItemGroup>
  <ItemGroup>
    <ClInclude Include="C:\GameMathSource\gamemath-3-2\gamemath-3-2\Source\Runtime\Engine\Precompiled.h" />
    <ClInclude Include="C:\GameMathSource\gamemath-3-2\gamemath-3-2\Source\Runtime\Engine\Public\2D\CameraObject.h">
      <Filter>Public\2D</Filter>
    </ClInclude>
    <ClInclude Include="C:\GameMathSource\gamemath-3-2\gamemath-3-2\Source\Runtime\Engine\Public\2D\GameEngine.h">
      <Filter>Public\2D</Filter>
    </ClInclude>
    <ClInclude Include="C:\GameMathSource\gamemath-3-2\gamemath-3-2\Source\Runtime\Engine\Public\2D\GameObject.h">
      <Filter>Public\2D</Filter>
    </ClInclude>
    <ClInclude Include="C:\GameMathSource\gamemath-3-2\gamemath-3-2\Source\Runtime\Engine\Public\2D\Mesh.h">
      <Filter>Public\2D</Filter>
    </ClInclude>
    <ClInclude Include="C:\GameMathSource\gamemath-3-2\gamemath-3-2\Source\Runtime\Engine\Public\2D\TransformComponent.h">
      <Filter>Public\2D</Filter>
    </ClInclude>
    <ClInclude Include="C:\GameMathSource\gamemath-3-2\gamemath-3-2\Source\Runtime\Engine\Public\3D\Bone.h">
      <Filter>Public\3D</Filter>
    </ClInclude>
    <ClInclude Include="C:\GameMathSource\gamemath-3-2\gamemath-3-2\Source\Runtime\Engine\Public\3D\CameraObject.h">
      <Filter>Public\3D</Filter>
    </ClInclude>
    <ClInclude Include="C:\GameMathSource\gamemath-3-2\gamemath-3-2\Source\Runtime\Engine\Public\3D\GameEngine.h">
      <Filter>Public\3D</Filter>
    </ClInclude>
    <ClInclude Include="C:\GameMathSource\gamemath-3-2\gamemath-3-2\Source\Runtime\Engine\Public\3D\GameObject.h">
      <Filter>Public\3D</Filter>
    </ClInclude>
    <ClInclude Include="C:\GameMathSource\gamemath-3-2\gamemath-3-2\Source\Runtime\Engine\Public\3D\Mesh.h">
      <Filter>Public\3D</Filter>
    </ClInclude>
    <ClInclude Include="C:\GameMathSource\gamemath-3-2\gamemath-3-2\Source\Runtime\Engine\Public\3D\Resources.h">
      <Filter>Public\3D</Filter>
    </ClInclude>
    <ClInclude Include="C:\GameMathSource\gamemath-3-2\gamemath-3-2\Source\Runtime\Engine\Public\3D\TransformComponent.h">
      <Filter>Public\3D</Filter>
    </ClInclude>
    <ClInclude Include="C:\GameMathSource\gamemath-3-2\gamemath-3-2\Source\Runtime\Engine\Public\EngineHeaders.h">
      <Filter>Public</Filter>
    </ClInclude>
    <ClInclude Include="C:\GameMathSource\gamemath-3-2\gamemath-3-2\Source\Runtime\Engine\Public\EngineInterface.h">
      <Filter>Public</Filter>
    </ClInclude>
    <ClInclude Include="C:\GameMathSource\gamemath-3-2\gamemath-3-2\Source\Runtime\Engine\Public\InputManager.h">
      <Filter>Public</Filter>
    </ClInclude>
    <ClInclude Include="C:\GameMathSource\gamemath-3-2\gamemath-3-2\Source\Runtime\Engine\Public\Texture.h">
      <Filter>Public</Filter>
    </ClInclude>
    <ClInclude Include="C:\GameMathSource\gamemath-3-2\gamemath-3-2\Source\Runtime\Engine\ThirdParty\Stb\stb.h">
      <Filter>ThirdParty\Stb</Filter>
    </ClInclude>
    <ClInclude Include="C:\GameMathSource\gamemath-3-2\gamemath-3-2\Source\Runtime\Engine\ThirdParty\Stb\stb_c_lexer.h">
      <Filter>ThirdParty\Stb</Filter>
    </ClInclude>
    <ClInclude Include="C:\GameMathSource\gamemath-3-2\gamemath-3-2\Source\Runtime\Engine\ThirdParty\Stb\stb_connected_components.h">
      <Filter>ThirdParty\Stb</Filter>
    </ClInclude>
    <ClInclude Include="C:\GameMathSource\gamemath-3-2\gamemath-3-2\Source\Runtime\Engine\ThirdParty\Stb\stb_divide.h">
      <Filter>ThirdParty\Stb</Filter>
    </ClInclude>
    <ClInclude Include="C:\GameMathSource\gamemath-3-2\gamemath-3-2\Source\Runtime\Engine\ThirdParty\Stb\stb_ds.h">
      <Filter>ThirdParty\Stb</Filter>
    </ClInclude>
    <ClInclude Include="C:\GameMathSource\gamemath-3-2\gamemath-3-2\Source\Runtime\Engine\ThirdParty\Stb\stb_dxt.h">
      <Filter>ThirdParty\Stb</Filter>
    </ClInclude>
    <ClInclude Include="C:\GameMathSource\gamemath-3-2\gamemath-3-2\Source\Runtime\Engine\ThirdParty\Stb\stb_easy_font.h">
      <Filter>ThirdParty\Stb</Filter>
    </ClInclude>
    <ClInclude Include="C:\GameMathSource\gamemath-3-2\gamemath-3-2\Source\Runtime\Engine\ThirdParty\Stb\stb_herringbone_wang_tile.h">
      <Filter>ThirdParty\Stb</Filter>
    </ClInclude>
    <ClInclude Include="C:\GameMathSource\gamemath-3-2\gamemath-3-2\Source\Runtime\Engine\ThirdParty\Stb\stb_image.h">
      <Filter>ThirdParty\Stb</Filter>
    </ClInclude>
    <ClInclude Include="C:\GameMathSource\gamemath-3-2\gamemath-3-2\Source\Runtime\Engine\ThirdParty\Stb\stb_image_resize.h">
      <Filter>ThirdParty\Stb</Filter>
    </ClInclude>
    <ClInclude Include="C:\GameMathSource\gamemath-3-2\gamemath-3-2\Source\Runtime\Engine\ThirdParty\Stb\stb_image_write.h">
      <Filter>ThirdParty\Stb</Filter>
    </ClInclude>
    <ClInclude Include="C:\GameMathSource\gamemath-3-2\gamemath-3-2\Source\Runtime\Engine\ThirdParty\Stb\stb_include.h">
      <Filter>ThirdParty\Stb</Filter>
    </ClInclude>
    <ClInclude Include="C:\GameMathSource\gamemath-3-2\gamemath-3-2\Source\Runtime\Engine\ThirdParty\Stb\stb_leakcheck.h">
      <Filter>ThirdParty\Stb</Filter>
    </ClInclude>
    <ClInclude Include="C:\GameMathSource\gamemath-3-2\gamemath-3-2\Source\Runtime\Engine\ThirdParty\Stb\stb_perlin.h">
      <Filter>ThirdParty\Stb</Filter>
    </ClInclude>
    <ClInclude Include="C:\GameMathSource\gamemath-3-2\gamemath-3-2\Source\Runtime\Engine\ThirdParty\Stb\stb_rect_pack.h">
      <Filter>ThirdParty\Stb</Filter>
    </ClInclude>
    <ClInclude Include="C:\GameMathSource\gamemath-3-2\gamemath-3-2\Source\Runtime\Engine\ThirdParty\Stb\stb_sprintf.h">
      <Filter>ThirdParty\Stb</Filter>
    </ClInclude>
    <ClInclude Include="C:\GameMathSource\gamemath-3-2\gamemath-3-2\Source\Runtime\Engine\ThirdParty\Stb\stb_textedit.h">
      <Filter>ThirdParty\Stb</Filter>
    </ClInclude>
    <ClInclude Include="C:\GameMathSource\gamemath-3-2\gamemath-3-2\Source\Runtime\Engine\ThirdParty\Stb\stb_tilemap_editor.h">
      <Filter>ThirdParty\Stb</Filter>
    </ClInclude>
    <ClInclude Include="C:\GameMathSource\gamemath-3-2\gamemath-3-2\Source\Runtime\Engine\ThirdParty\Stb\stb_truetype.h">
      <Filter>ThirdParty\Stb</Filter>
    </ClInclude>
    <ClInclude Include="C:\GameMathSource\gamemath-3-2\gamemath-3-2\Source\Runtime\Engine\ThirdParty\Stb\stb_voxel_render.h">
      <Filter>ThirdParty\Stb</Filter>
    </ClInclude>
    <ClInclude Include="C:\GameMathSource\gamemath-3-2\gamemath-3-2\Source\Runtime\Engine\ThirdParty\Stb\stretchy_buffer.h">
      <Filter>ThirdParty\Stb</Filter>
    </ClInclude>
  </ItemGroup>
  <ItemGroup>
    <Filter Include="Private">
      <UniqueIdentifier>{CB940DE7-759E-3315-B541-616C6BD75A8B}</UniqueIdentifier>
    </Filter>
    <Filter Include="Private\2D">
      <UniqueIdentifier>{746D13DD-E6AB-3441-B962-99E1280AE2CE}</UniqueIdentifier>
    </Filter>
    <Filter Include="Private\3D">
      <UniqueIdentifier>{10086948-2937-3C2F-B483-570BE7BF2BEB}</UniqueIdentifier>
    </Filter>
    <Filter Include="Public">
      <UniqueIdentifier>{C93D119D-9D2C-3CAC-B702-D4DE4CF308EA}</UniqueIdentifier>
    </Filter>
    <Filter Include="Public\2D">
      <UniqueIdentifier>{02490BEF-BBAF-3EA2-8837-E5D9C0500916}</UniqueIdentifier>
    </Filter>
    <Filter Include="Public\3D">
      <UniqueIdentifier>{2AA68E41-47B9-375B-81AC-137B1A6ABBFC}</UniqueIdentifier>
    </Filter>
    <Filter Include="ThirdParty">
      <UniqueIdentifier>{97EDB2BA-39B6-343E-BBAB-DC1C79A0DEF7}</UniqueIdentifier>
    </Filter>
    <Filter Include="ThirdParty\Stb">
      <UniqueIdentifier>{179A91DD-1D84-34B8-A7C6-BD1A41D2886F}</UniqueIdentifier>
    </Filter>
  </ItemGroup>
</Project>
