
Microsoft Visual Studio Solution File, Format Version 12.00
# Visual Studio Version 17
Project("{8BC9CEB8-8B4A-11D0-8D11-00A0C91BC942}") = "ALL_BUILD", "ALL_BUILD.vcxproj", "{D0CEC063-0FBA-3113-9A55-112A88DCD43F}"
	ProjectSection(ProjectDependencies) = postProject
		{7A8143F9-B03F-3E1D-A3C7-366A66252EF1} = {7A8143F9-B03F-3E1D-A3C7-366A66252EF1}
	EndProjectSection
EndProject
Project("{8BC9CEB8-8B4A-11D0-8D11-00A0C91BC942}") = "MathModule", "..\Math\MathModule.vcxproj", "{7C94682F-67AC-3BB5-9AC8-3C5E37754019}"
	ProjectSection(ProjectDependencies) = postProject
	EndProjectSection
EndProject
Project("{8BC9CEB8-8B4A-11D0-8D11-00A0C91BC942}") = "RendererModule", "RendererModule.vcxproj", "{7A8143F9-B03F-3E1D-A3C7-366A66252EF1}"
	ProjectSection(ProjectDependencies) = postProject
		{7C94682F-67AC-3BB5-9AC8-3C5E37754019} = {7C94682F-67AC-3BB5-9AC8-3C5E37754019}
	EndProjectSection
EndProject
Global
	GlobalSection(SolutionConfigurationPlatforms) = preSolution
		Debug|x64 = Debug|x64
		Release|x64 = Release|x64
		MinSizeRel|x64 = MinSizeRel|x64
		RelWithDebInfo|x64 = RelWithDebInfo|x64
	EndGlobalSection
	GlobalSection(ProjectConfigurationPlatforms) = postSolution
		{D0CEC063-0FBA-3113-9A55-112A88DCD43F}.Debug|x64.ActiveCfg = Debug|x64
		{D0CEC063-0FBA-3113-9A55-112A88DCD43F}.Release|x64.ActiveCfg = Release|x64
		{D0CEC063-0FBA-3113-9A55-112A88DCD43F}.MinSizeRel|x64.ActiveCfg = MinSizeRel|x64
		{D0CEC063-0FBA-3113-9A55-112A88DCD43F}.RelWithDebInfo|x64.ActiveCfg = RelWithDebInfo|x64
		{7C94682F-67AC-3BB5-9AC8-3C5E37754019}.Debug|x64.ActiveCfg = Debug|x64
		{7C94682F-67AC-3BB5-9AC8-3C5E37754019}.Debug|x64.Build.0 = Debug|x64
		{7C94682F-67AC-3BB5-9AC8-3C5E37754019}.Release|x64.ActiveCfg = Release|x64
		{7C94682F-67AC-3BB5-9AC8-3C5E37754019}.Release|x64.Build.0 = Release|x64
		{7C94682F-67AC-3BB5-9AC8-3C5E37754019}.MinSizeRel|x64.ActiveCfg = MinSizeRel|x64
		{7C94682F-67AC-3BB5-9AC8-3C5E37754019}.MinSizeRel|x64.Build.0 = MinSizeRel|x64
		{7C94682F-67AC-3BB5-9AC8-3C5E37754019}.RelWithDebInfo|x64.ActiveCfg = RelWithDebInfo|x64
		{7C94682F-67AC-3BB5-9AC8-3C5E37754019}.RelWithDebInfo|x64.Build.0 = RelWithDebInfo|x64
		{7A8143F9-B03F-3E1D-A3C7-366A66252EF1}.Debug|x64.ActiveCfg = Debug|x64
		{7A8143F9-B03F-3E1D-A3C7-366A66252EF1}.Debug|x64.Build.0 = Debug|x64
		{7A8143F9-B03F-3E1D-A3C7-366A66252EF1}.Release|x64.ActiveCfg = Release|x64
		{7A8143F9-B03F-3E1D-A3C7-366A66252EF1}.Release|x64.Build.0 = Release|x64
		{7A8143F9-B03F-3E1D-A3C7-366A66252EF1}.MinSizeRel|x64.ActiveCfg = MinSizeRel|x64
		{7A8143F9-B03F-3E1D-A3C7-366A66252EF1}.MinSizeRel|x64.Build.0 = MinSizeRel|x64
		{7A8143F9-B03F-3E1D-A3C7-366A66252EF1}.RelWithDebInfo|x64.ActiveCfg = RelWithDebInfo|x64
		{7A8143F9-B03F-3E1D-A3C7-366A66252EF1}.RelWithDebInfo|x64.Build.0 = RelWithDebInfo|x64
	EndGlobalSection
	GlobalSection(ExtensibilityGlobals) = postSolution
		SolutionGuid = {8C2CFB9F-0990-372B-B783-4F9BCEDCEF7B}
	EndGlobalSection
	GlobalSection(ExtensibilityAddIns) = postSolution
	EndGlobalSection
EndGlobal
