<?xml version="1.0" encoding="utf-8"?>
<Project ToolsVersion="17.0" xmlns="http://schemas.microsoft.com/developer/msbuild/2003">
  <ItemGroup>
    <ClCompile Include="C:\GameMathSource\gamemath-4-2\gamemath-4-2\Source\Runtime\Renderer\Precompiled.cpp" />
    <ClCompile Include="C:\GameMathSource\gamemath-4-2\gamemath-4-2\Source\Runtime\Renderer\Private\2D\Shader.cpp">
      <Filter>Private\2D</Filter>
    </ClCompile>
    <ClCompile Include="C:\GameMathSource\gamemath-4-2\gamemath-4-2\Source\Runtime\Renderer\Private\2D\Vertex.cpp">
      <Filter>Private\2D</Filter>
    </ClCompile>
    <ClCompile Include="C:\GameMathSource\gamemath-4-2\gamemath-4-2\Source\Runtime\Renderer\Private\3D\PerspectiveTest.cpp">
      <Filter>Private\3D</Filter>
    </ClCompile>
    <ClCompile Include="C:\GameMathSource\gamemath-4-2\gamemath-4-2\Source\Runtime\Renderer\Private\3D\Shader.cpp">
      <Filter>Private\3D</Filter>
    </ClCompile>
    <ClCompile Include="C:\GameMathSource\gamemath-4-2\gamemath-4-2\Source\Runtime\Renderer\Private\3D\Vertex.cpp">
      <Filter>Private\3D</Filter>
    </ClCompile>
    <ClCompile Include="C:\GameMathSource\gamemath-4-2\gamemath-4-2\Source\Runtime\Renderer\Private\Windows\WindowsGDI.cpp">
      <Filter>Private\Windows</Filter>
    </ClCompile>
    <ClCompile Include="C:\GameMathSource\gamemath-4-2\gamemath-4-2\Source\Runtime\Renderer\Private\Windows\WindowsRSI.cpp">
      <Filter>Private\Windows</Filter>
    </ClCompile>
  </ItemGroup>
  <ItemGroup>
    <ClInclude Include="C:\GameMathSource\gamemath-4-2\gamemath-4-2\Source\Runtime\Renderer\Precompiled.h" />
    <ClInclude Include="C:\GameMathSource\gamemath-4-2\gamemath-4-2\Source\Runtime\Renderer\Public\2D\Shader.h">
      <Filter>Public\2D</Filter>
    </ClInclude>
    <ClInclude Include="C:\GameMathSource\gamemath-4-2\gamemath-4-2\Source\Runtime\Renderer\Public\2D\Vertex.h">
      <Filter>Public\2D</Filter>
    </ClInclude>
    <ClInclude Include="C:\GameMathSource\gamemath-4-2\gamemath-4-2\Source\Runtime\Renderer\Public\3D\PerspectiveTest.h">
      <Filter>Public\3D</Filter>
    </ClInclude>
    <ClInclude Include="C:\GameMathSource\gamemath-4-2\gamemath-4-2\Source\Runtime\Renderer\Public\3D\Shader.h">
      <Filter>Public\3D</Filter>
    </ClInclude>
    <ClInclude Include="C:\GameMathSource\gamemath-4-2\gamemath-4-2\Source\Runtime\Renderer\Public\3D\Vertex.h">
      <Filter>Public\3D</Filter>
    </ClInclude>
    <ClInclude Include="C:\GameMathSource\gamemath-4-2\gamemath-4-2\Source\Runtime\Renderer\Public\RendererHeaders.h">
      <Filter>Public</Filter>
    </ClInclude>
    <ClInclude Include="C:\GameMathSource\gamemath-4-2\gamemath-4-2\Source\Runtime\Renderer\Public\RendererInterface.h">
      <Filter>Public</Filter>
    </ClInclude>
    <ClInclude Include="C:\GameMathSource\gamemath-4-2\gamemath-4-2\Source\Runtime\Renderer\Public\Windows\WindowsGDI.h">
      <Filter>Public\Windows</Filter>
    </ClInclude>
    <ClInclude Include="C:\GameMathSource\gamemath-4-2\gamemath-4-2\Source\Runtime\Renderer\Public\Windows\WindowsRSI.h">
      <Filter>Public\Windows</Filter>
    </ClInclude>
  </ItemGroup>
  <ItemGroup>
    <Filter Include="Private">
      <UniqueIdentifier>{B97DE5ED-76CD-37FC-80E1-46DAF76E3C3D}</UniqueIdentifier>
    </Filter>
    <Filter Include="Private\2D">
      <UniqueIdentifier>{D25B3C77-6837-3F7F-8287-642799AFC044}</UniqueIdentifier>
    </Filter>
    <Filter Include="Private\3D">
      <UniqueIdentifier>{3D7993ED-4AF0-343D-AF4E-0EDBF8E4D1D8}</UniqueIdentifier>
    </Filter>
    <Filter Include="Private\Windows">
      <UniqueIdentifier>{01BBC687-B187-38DA-9187-3A6075EC320F}</UniqueIdentifier>
    </Filter>
    <Filter Include="Public">
      <UniqueIdentifier>{5FE00CF6-252F-3321-A235-BAC90963365C}</UniqueIdentifier>
    </Filter>
    <Filter Include="Public\2D">
      <UniqueIdentifier>{50593752-3BEA-3BE2-B277-3569DA9D2876}</UniqueIdentifier>
    </Filter>
    <Filter Include="Public\3D">
      <UniqueIdentifier>{67828BB9-3CC9-34E6-9221-304CF454AFAE}</UniqueIdentifier>
    </Filter>
    <Filter Include="Public\Windows">
      <UniqueIdentifier>{CDCC4D69-2CCB-3FDB-A134-ADA7BFB6F563}</UniqueIdentifier>
    </Filter>
  </ItemGroup>
</Project>
